
Microsoft Visual Studio Solution File, Format Version 12.00
# Visual Studio Version 17
VisualStudioVersion = 17.3.32929.385
MinimumVisualStudioVersion = 10.0.40219.1
Project("{FAE04EC0-301F-11D3-BF4B-00C04F79EFBC}") = "ClassLibrary1", "ClassLibrary1\ClassLibrary1.csproj", "{0153EBA6-68A5-4798-89E6-2D1D4F7EB81C}"
EndProject
Project("{FAE04EC0-301F-11D3-BF4B-00C04F79EFBC}") = "WebApplication1", "WebApplication1\WebApplication1.csproj", "{1D5D222D-5B21-4C48-9B13-1CE412CCFBF1}"
EndProject
Global
	GlobalSection(SolutionConfigurationPlatforms) = preSolution
		Debug|Any CPU = Debug|Any CPU
		Release|Any CPU = Release|Any CPU
	EndGlobalSection
	GlobalSection(ProjectConfigurationPlatforms) = postSolution
		{0153EBA6-68A5-4798-89E6-2D1D4F7EB81C}.Debug|Any CPU.ActiveCfg = Debug|Any CPU
		{0153EBA6-68A5-4798-89E6-2D1D4F7EB81C}.Debug|Any CPU.Build.0 = Debug|Any CPU
		{0153EBA6-68A5-4798-89E6-2D1D4F7EB81C}.Release|Any CPU.ActiveCfg = Release|Any CPU
		{0153EBA6-68A5-4798-89E6-2D1D4F7EB81C}.Release|Any CPU.Build.0 = Release|Any CPU
		{1D5D222D-5B21-4C48-9B13-1CE412CCFBF1}.Debug|Any CPU.ActiveCfg = Debug|Any CPU
		{1D5D222D-5B21-4C48-9B13-1CE412CCFBF1}.Debug|Any CPU.Build.0 = Debug|Any CPU
		{1D5D222D-5B21-4C48-9B13-1CE412CCFBF1}.Release|Any CPU.ActiveCfg = Release|Any CPU
		{1D5D222D-5B21-4C48-9B13-1CE412CCFBF1}.Release|Any CPU.Build.0 = Release|Any CPU
	EndGlobalSection
	GlobalSection(SolutionProperties) = preSolution
		HideSolutionNode = FALSE
	EndGlobalSection
	GlobalSection(ExtensibilityGlobals) = postSolution
		SolutionGuid = {F4AB23E6-B4CC-4012-9C8E-69BAEB6F1BF8}
	EndGlobalSection
EndGlobal
